{
  "nodes": {
    "cardano-playground": {
      "flake": false,
      "locked": {
        "lastModified": 1730399380,
        "narHash": "sha256-VxZBbgV4faFuVMheKeJAZ03qkL16mILVAnNqDbZIsAM=",
        "owner": "input-output-hk",
        "repo": "cardano-playground",
        "rev": "49d93e5fe42e1e37f8b4c7d463b5d6bc4af65f26",
        "type": "github"
      },
      "original": {
        "owner": "input-output-hk",
        "repo": "cardano-playground",
        "rev": "49d93e5fe42e1e37f8b4c7d463b5d6bc4af65f26",
        "type": "github"
      }
    },
    "cardano-shell": {
      "flake": false,
      "locked": {
        "lastModified": 1651849514,
        "narHash": "sha256-g5vqy7WoRusIq7eOwSXLLH/+VKHJUSbErhnrzfLvmBU=",
        "owner": "input-output-hk",
        "repo": "cardano-shell",
        "rev": "0d1d5f036c73d18e641412d2c58d4acda592d493",
        "type": "github"
      },
      "original": {
        "owner": "input-output-hk",
        "repo": "cardano-shell",
        "rev": "0d1d5f036c73d18e641412d2c58d4acda592d493",
        "type": "github"
      }
    },
    "cardano-wallet-unpatched": {
      "flake": false,
      "locked": {
        "lastModified": 1731946435,
        "narHash": "sha256-vCnp2dV+mAQIt25i8VRYNmLHAH1YZfK1bsBNNrvqJSo=",
        "owner": "cardano-foundation",
        "repo": "cardano-wallet",
        "rev": "9eb5f59c328163ca061a20f47519686b6f118d74",
        "type": "github"
      },
      "original": {
        "owner": "cardano-foundation",
        "ref": "v2024-11-18",
        "repo": "cardano-wallet",
        "type": "github"
      }
    },
    "daedalus": {
      "inputs": {
        "cardano-playground": "cardano-playground",
        "cardano-shell": "cardano-shell",
        "cardano-wallet-unpatched": "cardano-wallet-unpatched",
        "flake-compat": "flake-compat",
        "nix-bundle-exe": "nix-bundle-exe",
        "nixpkgs": "nixpkgs",
        "tullia": "tullia"
      },
      "locked": {
        "lastModified": 1732099336,
        "narHash": "sha256-9xVv6j0Gepk1Pdbuaz8Q0JJV7KVQl+U7efyUyphacZk=",
        "owner": "input-output-hk",
        "repo": "daedalus",
        "rev": "a852174555f1e3081ff3f32b43128dfd8583695a",
        "type": "github"
      },
      "original": {
        "owner": "input-output-hk",
        "repo": "daedalus",
        "type": "github"
      }
    },
    "disko": {
      "inputs": {
        "nixpkgs": [
          "nixos"
        ]
      },
      "locked": {
        "lastModified": 1732540163,
        "narHash": "sha256-5EYzmoTpem2IB9JWzd41sL98pz3lyyCSTiCjv08i4Uk=",
        "owner": "nix-community",
        "repo": "disko",
        "rev": "2ed5e30fc7e34adf455db8b02b9151d3922a54ea",
        "type": "github"
      },
      "original": {
        "owner": "nix-community",
        "repo": "disko",
        "type": "github"
      }
    },
    "flake-compat": {
      "flake": false,
      "locked": {
        "lastModified": 1635892615,
        "narHash": "sha256-harGbMZr4hzat2BWBU+Y5OYXlu+fVz7E4WeQzHi5o8A=",
        "owner": "input-output-hk",
        "repo": "flake-compat",
        "rev": "eca47d3377946315596da653862d341ee5341318",
        "type": "github"
      },
      "original": {
        "owner": "input-output-hk",
        "repo": "flake-compat",
        "type": "github"
      }
    },
    "home-manager": {
      "inputs": {
        "nixpkgs": [
          "nixos"
        ]
      },
      "locked": {
        "lastModified": 1726989464,
        "narHash": "sha256-Vl+WVTJwutXkimwGprnEtXc/s/s8sMuXzqXaspIGlwM=",
        "owner": "nix-community",
        "repo": "home-manager",
        "rev": "2f23fa308a7c067e52dfcc30a0758f47043ec176",
        "type": "github"
      },
      "original": {
        "owner": "nix-community",
        "ref": "release-24.05",
        "repo": "home-manager",
        "type": "github"
      }
    },
    "nix-bundle-exe": {
      "flake": false,
      "locked": {
        "lastModified": 1682949567,
        "narHash": "sha256-K9PT8LVvTLOm3gX9ZFxag0X85DFgB2vvJB+S12disWw=",
        "owner": "3noch",
        "repo": "nix-bundle-exe",
        "rev": "3522ae68aa4188f4366ed96b41a5881d6a88af97",
        "type": "github"
      },
      "original": {
        "owner": "3noch",
        "repo": "nix-bundle-exe",
        "type": "github"
      }
    },
    "nixos": {
      "locked": {
        "lastModified": 1731797254,
        "narHash": "sha256-df3dJApLPhd11AlueuoN0Q4fHo/hagP75LlM5K1sz9g=",
        "owner": "nixos",
        "repo": "nixpkgs",
        "rev": "e8c38b73aeb218e27163376a2d617e61a2ad9b59",
        "type": "github"
      },
      "original": {
        "owner": "nixos",
        "ref": "nixos-24.05",
        "repo": "nixpkgs",
        "type": "github"
      }
    },
    "nixpkgs": {
      "locked": {
        "lastModified": 1672844754,
        "narHash": "sha256-o26WabuHABQsaHxxmIrR3AQRqDFUEdLckLXkVCpIjSU=",
        "owner": "nixos",
        "repo": "nixpkgs",
        "rev": "e9ade2c8240e00a4784fac282a502efff2786bdc",
        "type": "github"
      },
      "original": {
        "owner": "nixos",
        "ref": "nixpkgs-22.11-darwin",
        "repo": "nixpkgs",
        "type": "github"
      }
    },
    "nixpkgs-unstable": {
      "locked": {
        "lastModified": 1732614115,
        "narHash": "sha256-oLQXHtIZq+7IN+OXBWKBLFgYowiHKsT4JGcSZ67ozfQ=",
        "owner": "nixos",
        "repo": "nixpkgs",
        "rev": "0338be53f0b1da21fe844fab95eeac7c9f22ed88",
        "type": "github"
      },
      "original": {
        "owner": "nixos",
        "ref": "master",
        "repo": "nixpkgs",
        "type": "github"
      }
    },
    "nur": {
      "locked": {
        "lastModified": 1732610990,
        "narHash": "sha256-pW9Au9S8gBP0U8Uz0LE/sSFiMuJ2kcRo3BOGAJWmkOc=",
        "owner": "nix-community",
        "repo": "NUR",
        "rev": "51acf239bbd8e8b127ce5fb0de6611bbe049364d",
        "type": "github"
      },
      "original": {
        "owner": "nix-community",
        "repo": "NUR",
        "type": "github"
      }
    },
    "root": {
      "inputs": {
        "daedalus": "daedalus",
        "disko": "disko",
        "home-manager": "home-manager",
        "nixos": "nixos",
        "nixpkgs-unstable": "nixpkgs-unstable",
        "nur": "nur"
      }
    },
    "tullia": {
      "flake": false,
      "locked": {
        "lastModified": 1677666696,
        "narHash": "sha256-Oga/fHNJba7dM6HSz83RNv/UrUeGs1WRHUHbI8dCUqc=",
        "owner": "input-output-hk",
        "repo": "tullia",
        "rev": "708d1ec45b17923d2452ba8f28795228ba8aafd5",
        "type": "github"
      },
      "original": {
        "owner": "input-output-hk",
        "repo": "tullia",
        "type": "github"
      }
    }
  },
  "root": "root",
  "version": 7
}
