{
  "nodes": {
    "emacs": {
      "locked": {
        "lastModified": 1642502473,
        "narHash": "sha256-G0pZzV8HzAxc18iXQGEyLu+vc5izyFByNHnEpMlC5c0=",
        "owner": "nix-community",
        "repo": "emacs-overlay",
        "rev": "04773b0d39f684f33b97994b598e10631b1abe82",
        "type": "github"
      },
      "original": {
        "owner": "nix-community",
        "repo": "emacs-overlay",
        "type": "github"
      }
    },
    "flake-utils": {
      "locked": {
        "lastModified": 1634851050,
        "narHash": "sha256-N83GlSGPJJdcqhUxSCS/WwW5pksYf3VP1M13cDRTSVA=",
        "owner": "numtide",
        "repo": "flake-utils",
        "rev": "c91f3de5adaf1de973b797ef7485e441a65b8935",
        "type": "github"
      },
      "original": {
        "owner": "numtide",
        "repo": "flake-utils",
        "type": "github"
      }
    },
    "home-manager": {
      "inputs": {
        "nixpkgs": [
          "nixos"
        ]
      },
      "locked": {
        "lastModified": 1642463065,
        "narHash": "sha256-Db53xzDOouhsDAQ/QCvLeM0r7p+my5Zb5jgWGpCrOVo=",
        "owner": "nix-community",
        "repo": "home-manager",
        "rev": "c491331718bd41722a2982a5532eb0ff51c3ca28",
        "type": "github"
      },
      "original": {
        "owner": "nix-community",
        "repo": "home-manager",
        "type": "github"
      }
    },
    "netkit": {
      "inputs": {
        "flake-utils": "flake-utils",
        "nixpkgs": "nixpkgs"
      },
      "locked": {
        "lastModified": 1637122807,
        "narHash": "sha256-Weq88GJdmhywxjblECQmSXVioFHdsA94g6lPH7NDRsE=",
        "owner": "icebox-nix",
        "repo": "netkit.nix",
        "rev": "29f750af4fabee7b8eccb5ab00df7074b73c7658",
        "type": "github"
      },
      "original": {
        "owner": "icebox-nix",
        "repo": "netkit.nix",
        "type": "github"
      }
    },
    "nixos": {
      "locked": {
        "lastModified": 1642190797,
        "narHash": "sha256-cxeEEAtfIACnm8sV1oz0xlNp9IVk10Fxcc09ggoEZuo=",
        "owner": "nixos",
        "repo": "nixpkgs",
        "rev": "3ddd960a3b575bf3230d0e59f42614b71f9e0db9",
        "type": "github"
      },
      "original": {
        "owner": "nixos",
        "ref": "nixos-21.11",
        "repo": "nixpkgs",
        "type": "github"
      }
    },
    "nixpkgs": {
      "locked": {
        "lastModified": 1636800699,
        "narHash": "sha256-SwbyVxXffu3G2ulJIbTf0iQfqhbGbdml4Dyv5j9BiAI=",
        "owner": "NixOS",
        "repo": "nixpkgs",
        "rev": "2fa862644fc15ecb525eb8cd0a60276f1c340c7c",
        "type": "github"
      },
      "original": {
        "owner": "NixOS",
        "ref": "nixos-unstable",
        "repo": "nixpkgs",
        "type": "github"
      }
    },
    "nixpkgs-unstable": {
      "locked": {
        "lastModified": 1642130244,
        "narHash": "sha256-/5FhZkZFQCRQIRFosUQW1zmDrsNHVOJIB/+XgRPHiPU=",
        "owner": "nixos",
        "repo": "nixpkgs",
        "rev": "bc59ba15b64d0a0ee1d1764f18b4f3480d2c3e5a",
        "type": "github"
      },
      "original": {
        "owner": "nixos",
        "ref": "nixpkgs-unstable",
        "repo": "nixpkgs",
        "type": "github"
      }
    },
    "nur": {
      "locked": {
        "lastModified": 1642594584,
        "narHash": "sha256-bNv30KO+UNtso3PLK5ueDjapPMHdIUtQj0zUMFWCz2Q=",
        "owner": "nix-community",
        "repo": "NUR",
        "rev": "917bc6e1525e83fb08d90bc2e56a6f13174c32e2",
        "type": "github"
      },
      "original": {
        "owner": "nix-community",
        "repo": "NUR",
        "type": "github"
      }
    },
    "root": {
      "inputs": {
        "emacs": "emacs",
        "home-manager": "home-manager",
        "netkit": "netkit",
        "nixos": "nixos",
        "nixpkgs-unstable": "nixpkgs-unstable",
        "nur": "nur",
        "std": "std"
      }
    },
    "std": {
      "locked": {
        "lastModified": 1602140592,
        "narHash": "sha256-XRFv8L7axOuFf2pCsX/YNQ4Y7VwMuhZ8kjbHyNOs0wI=",
        "owner": "icebox-nix",
        "repo": "std",
        "rev": "86d9e8966205afdb940abf46f1f9cff6d03a3f5c",
        "type": "github"
      },
      "original": {
        "owner": "icebox-nix",
        "repo": "std",
        "type": "github"
      }
    }
  },
  "root": "root",
  "version": 7
}
